// !$*UTF8*$!
{
	archiveVersion = 1;
	classes = {
	};
	objectVersion = 50;
	objects = {

/* Begin PBXBuildFile section */
		CECBB7C0264AFF9C008A8983 /* AppDelegate.swift in Sources */ = {isa = PBXBuildFile; fileRef = CECBB7BF264AFF9C008A8983 /* AppDelegate.swift */; };
		CECBB7C2264AFF9C008A8983 /* SceneDelegate.swift in Sources */ = {isa = PBXBuildFile; fileRef = CECBB7C1264AFF9C008A8983 /* SceneDelegate.swift */; };
		CECBB7C4264AFF9C008A8983 /* ViewController.swift in Sources */ = {isa = PBXBuildFile; fileRef = CECBB7C3264AFF9C008A8983 /* ViewController.swift */; };
		CECBB7C7264AFF9C008A8983 /* Main.storyboard in Resources */ = {isa = PBXBuildFile; fileRef = CECBB7C5264AFF9C008A8983 /* Main.storyboard */; };
		CECBB7C9264AFF9D008A8983 /* Assets.xcassets in Resources */ = {isa = PBXBuildFile; fileRef = CECBB7C8264AFF9D008A8983 /* Assets.xcassets */; };
		CECBB7CC264AFF9D008A8983 /* LaunchScreen.storyboard in Resources */ = {isa = PBXBuildFile; fileRef = CECBB7CA264AFF9D008A8983 /* LaunchScreen.storyboard */; };
		CECBB7D6264B17D5008A8983 /* RHDViewController.swift in Sources */ = {isa = PBXBuildFile; fileRef = CECBB7D5264B17D5008A8983 /* RHDViewController.swift */; };
		CECBB7D9264B1CF0008A8983 /* SignUpViewController.swift in Sources */ = {isa = PBXBuildFile; fileRef = CECBB7D8264B1CF0008A8983 /* SignUpViewController.swift */; };
/* End PBXBuildFile section */

/* Begin PBXFileReference section */
		CECBB7BC264AFF9C008A8983 /* SIgnIn_SignUp_etc.app */ = {isa = PBXFileReference; explicitFileType = wrapper.application; includeInIndex = 0; path = SIgnIn_SignUp_etc.app; sourceTree = BUILT_PRODUCTS_DIR; };
		CECBB7BF264AFF9C008A8983 /* AppDelegate.swift */ = {isa = PBXFileReference; lastKnownFileType = sourcecode.swift; path = AppDelegate.swift; sourceTree = "<group>"; };
		CECBB7C1264AFF9C008A8983 /* SceneDelegate.swift */ = {isa = PBXFileReference; lastKnownFileType = sourcecode.swift; path = SceneDelegate.swift; sourceTree = "<group>"; };
		CECBB7C3264AFF9C008A8983 /* ViewController.swift */ = {isa = PBXFileReference; lastKnownFileType = sourcecode.swift; path = ViewController.swift; sourceTree = "<group>"; };
		CECBB7C6264AFF9C008A8983 /* Base */ = {isa = PBXFileReference; lastKnownFileType = file.storyboard; name = Base; path = Base.lproj/Main.storyboard; sourceTree = "<group>"; };
		CECBB7C8264AFF9D008A8983 /* Assets.xcassets */ = {isa = PBXFileReference; lastKnownFileType = folder.assetcatalog; path = Assets.xcassets; sourceTree = "<group>"; };
		CECBB7CB264AFF9D008A8983 /* Base */ = {isa = PBXFileReference; lastKnownFileType = file.storyboard; name = Base; path = Base.lproj/LaunchScreen.storyboard; sourceTree = "<group>"; };
		CECBB7CD264AFF9D008A8983 /* Info.plist */ = {isa = PBXFileReference; lastKnownFileType = text.plist.xml; path = Info.plist; sourceTree = "<group>"; };
		CECBB7D5264B17D5008A8983 /* RHDViewController.swift */ = {isa = PBXFileReference; lastKnownFileType = sourcecode.swift; path = RHDViewController.swift; sourceTree = "<group>"; };
		CECBB7D8264B1CF0008A8983 /* SignUpViewController.swift */ = {isa = PBXFileReference; lastKnownFileType = sourcecode.swift; path = SignUpViewController.swift; sourceTree = "<group>"; };
/* End PBXFileReference section */

/* Begin PBXFrameworksBuildPhase section */
		CECBB7B9264AFF9C008A8983 /* Frameworks */ = {
			isa = PBXFrameworksBuildPhase;
			buildActionMask = 2147483647;
			files = (
			);
			runOnlyForDeploymentPostprocessing = 0;
		};
/* End PBXFrameworksBuildPhase section */

/* Begin PBXGroup section */
		CECBB7B3264AFF9C008A8983 = {
			isa = PBXGroup;
			children = (
				CECBB7BE264AFF9C008A8983 /* SIgnIn_SignUp_etc */,
				CECBB7BD264AFF9C008A8983 /* Products */,
			);
			sourceTree = "<group>";
		};
		CECBB7BD264AFF9C008A8983 /* Products */ = {
			isa = PBXGroup;
			children = (
				CECBB7BC264AFF9C008A8983 /* SIgnIn_SignUp_etc.app */,
			);
			name = Products;
			sourceTree = "<group>";
		};
		CECBB7BE264AFF9C008A8983 /* SIgnIn_SignUp_etc */ = {
			isa = PBXGroup;
			children = (
				CECBB7BF264AFF9C008A8983 /* AppDelegate.swift */,
				CECBB7C1264AFF9C008A8983 /* SceneDelegate.swift */,
				CECBB7C3264AFF9C008A8983 /* ViewController.swift */,
				CECBB7D8264B1CF0008A8983 /* SignUpViewController.swift */,
				CECBB7D5264B17D5008A8983 /* RHDViewController.swift */,
				CECBB7C5264AFF9C008A8983 /* Main.storyboard */,
				CECBB7C8264AFF9D008A8983 /* Assets.xcassets */,
				CECBB7CA264AFF9D008A8983 /* LaunchScreen.storyboard */,
				CECBB7CD264AFF9D008A8983 /* Info.plist */,
			);
			path = SIgnIn_SignUp_etc;
			sourceTree = "<group>";
		};
/* End PBXGroup section */

/* Begin PBXNativeTarget section */
		CECBB7BB264AFF9C008A8983 /* SIgnIn_SignUp_etc */ = {
			isa = PBXNativeTarget;
			buildConfigurationList = CECBB7D0264AFF9D008A8983 /* Build configuration list for PBXNativeTarget "SIgnIn_SignUp_etc" */;
			buildPhases = (
				CECBB7B8264AFF9C008A8983 /* Sources */,
				CECBB7B9264AFF9C008A8983 /* Frameworks */,
				CECBB7BA264AFF9C008A8983 /* Resources */,
			);
			buildRules = (
			);
			dependencies = (
			);
			name = SIgnIn_SignUp_etc;
			productName = SIgnIn_SignUp_etc;
			productReference = CECBB7BC264AFF9C008A8983 /* SIgnIn_SignUp_etc.app */;
			productType = "com.apple.product-type.application";
		};
/* End PBXNativeTarget section */

/* Begin PBXProject section */
		CECBB7B4264AFF9C008A8983 /* Project object */ = {
			isa = PBXProject;
			attributes = {
				LastSwiftUpdateCheck = 1240;
				LastUpgradeCheck = 1240;
				TargetAttributes = {
					CECBB7BB264AFF9C008A8983 = {
						CreatedOnToolsVersion = 12.4;
					};
				};
			};
			buildConfigurationList = CECBB7B7264AFF9C008A8983 /* Build configuration list for PBXProject "SIgnIn_SignUp_etc" */;
			compatibilityVersion = "Xcode 9.3";
			developmentRegion = en;
			hasScannedForEncodings = 0;
			knownRegions = (
				en,
				Base,
			);
			mainGroup = CECBB7B3264AFF9C008A8983;
			productRefGroup = CECBB7BD264AFF9C008A8983 /* Products */;
			projectDirPath = "";
			projectRoot = "";
			targets = (
				CECBB7BB264AFF9C008A8983 /* SIgnIn_SignUp_etc */,
			);
		};
/* End PBXProject section */

/* Begin PBXResourcesBuildPhase section */
		CECBB7BA264AFF9C008A8983 /* Resources */ = {
			isa = PBXResourcesBuildPhase;
			buildActionMask = 2147483647;
			files = (
				CECBB7CC264AFF9D008A8983 /* LaunchScreen.storyboard in Resources */,
				CECBB7C9264AFF9D008A8983 /* Assets.xcassets in Resources */,
				CECBB7C7264AFF9C008A8983 /* Main.storyboard in Resources */,
			);
			runOnlyForDeploymentPostprocessing = 0;
		};
/* End PBXResourcesBuildPhase section */

/* Begin PBXSourcesBuildPhase section */
		CECBB7B8264AFF9C008A8983 /* Sources */ = {
			isa = PBXSourcesBuildPhase;
			buildActionMask = 2147483647;
			files = (
				CECBB7C4264AFF9C008A8983 /* ViewController.swift in Sources */,
				CECBB7C0264AFF9C008A8983 /* AppDelegate.swift in Sources */,
				CECBB7C2264AFF9C008A8983 /* SceneDelegate.swift in Sources */,
				CECBB7D6264B17D5008A8983 /* RHDViewController.swift in Sources */,
				CECBB7D9264B1CF0008A8983 /* SignUpViewController.swift in Sources */,
			);
			runOnlyForDeploymentPostprocessing = 0;
		};
/* End PBXSourcesBuildPhase section */

/* Begin PBXVariantGroup section */
		CECBB7C5264AFF9C008A8983 /* Main.storyboard */ = {
			isa = PBXVariantGroup;
			children = (
				CECBB7C6264AFF9C008A8983 /* Base */,
			);
			name = Main.storyboard;
			sourceTree = "<group>";
		};
		CECBB7CA264AFF9D008A8983 /* LaunchScreen.storyboard */ = {
			isa = PBXVariantGroup;
			children = (
				CECBB7CB264AFF9D008A8983 /* Base */,
			);
			name = LaunchScreen.storyboard;
			sourceTree = "<group>";
		};
/* End PBXVariantGroup section */

/* Begin XCBuildConfiguration section */
		CECBB7CE264AFF9D008A8983 /* Debug */ = {
			isa = XCBuildConfiguration;
			buildSettings = {
				ALWAYS_SEARCH_USER_PATHS = NO;
				CLANG_ANALYZER_NONNULL = YES;
				CLANG_ANALYZER_NUMBER_OBJECT_CONVERSION = YES_AGGRESSIVE;
				CLANG_CXX_LANGUAGE_STANDARD = "gnu++14";
				CLANG_CXX_LIBRARY = "libc++";
				CLANG_ENABLE_MODULES = YES;
				CLANG_ENABLE_OBJC_ARC = YES;
				CLANG_ENABLE_OBJC_WEAK = YES;
				CLANG_WARN_BLOCK_CAPTURE_AUTORELEASING = YES;
				CLANG_WARN_BOOL_CONVERSION = YES;
				CLANG_WARN_COMMA = YES;
				CLANG_WARN_CONSTANT_CONVERSION = YES;
				CLANG_WARN_DEPRECATED_OBJC_IMPLEMENTATIONS = YES;
				CLANG_WARN_DIRECT_OBJC_ISA_USAGE = YES_ERROR;
				CLANG_WARN_DOCUMENTATION_COMMENTS = YES;
				CLANG_WARN_EMPTY_BODY = YES;
				CLANG_WARN_ENUM_CONVERSION = YES;
				CLANG_WARN_INFINITE_RECURSION = YES;
				CLANG_WARN_INT_CONVERSION = YES;
				CLANG_WARN_NON_LITERAL_NULL_CONVERSION = YES;
				CLANG_WARN_OBJC_IMPLICIT_RETAIN_SELF = YES;
				CLANG_WARN_OBJC_LITERAL_CONVERSION = YES;
				CLANG_WARN_OBJC_ROOT_CLASS = YES_ERROR;
				CLANG_WARN_QUOTED_INCLUDE_IN_FRAMEWORK_HEADER = YES;
				CLANG_WARN_RANGE_LOOP_ANALYSIS = YES;
				CLANG_WARN_STRICT_PROTOTYPES = YES;
				CLANG_WARN_SUSPICIOUS_MOVE = YES;
				CLANG_WARN_UNGUARDED_AVAILABILITY = YES_AGGRESSIVE;
				CLANG_WARN_UNREACHABLE_CODE = YES;
				CLANG_WARN__DUPLICATE_METHOD_MATCH = YES;
				COPY_PHASE_STRIP = NO;
				DEBUG_INFORMATION_FORMAT = dwarf;
				ENABLE_STRICT_OBJC_MSGSEND = YES;
				ENABLE_TESTABILITY = YES;
				GCC_C_LANGUAGE_STANDARD = gnu11;
				GCC_DYNAMIC_NO_PIC = NO;
				GCC_NO_COMMON_BLOCKS = YES;
				GCC_OPTIMIZATION_LEVEL = 0;
				GCC_PREPROCESSOR_DEFINITIONS = (
					"DEBUG=1",
					"$(inherited)",
				);
				GCC_WARN_64_TO_32_BIT_CONVERSION = YES;
				GCC_WARN_ABOUT_RETURN_TYPE = YES_ERROR;
				GCC_WARN_UNDECLARED_SELECTOR = YES;
				GCC_WARN_UNINITIALIZED_AUTOS = YES_AGGRESSIVE;
				GCC_WARN_UNUSED_FUNCTION = YES;
				GCC_WARN_UNUSED_VARIABLE = YES;
				IPHONEOS_DEPLOYMENT_TARGET = 14.4;
				MTL_ENABLE_DEBUG_INFO = INCLUDE_SOURCE;
				MTL_FAST_MATH = YES;
				ONLY_ACTIVE_ARCH = YES;
				SDKROOT = iphoneos;
				SWIFT_ACTIVE_COMPILATION_CONDITIONS = DEBUG;
				SWIFT_OPTIMIZATION_LEVEL = "-Onone";
			};
			name = Debug;
		};
		CECBB7CF264AFF9D008A8983 /* Release */ = {
			isa = XCBuildConfiguration;
			buildSettings = {
				ALWAYS_SEARCH_USER_PATHS = NO;
				CLANG_ANALYZER_NONNULL = YES;
				CLANG_ANALYZER_NUMBER_OBJECT_CONVERSION = YES_AGGRESSIVE;
				CLANG_CXX_LANGUAGE_STANDARD = "gnu++14";
				CLANG_CXX_LIBRARY = "libc++";
				CLANG_ENABLE_MODULES = YES;
				CLANG_ENABLE_OBJC_ARC = YES;
				CLANG_ENABLE_OBJC_WEAK = YES;
				CLANG_WARN_BLOCK_CAPTURE_AUTORELEASING = YES;
				CLANG_WARN_BOOL_CONVERSION = YES;
				CLANG_WARN_COMMA = YES;
				CLANG_WARN_CONSTANT_CONVERSION = YES;
				CLANG_WARN_DEPRECATED_OBJC_IMPLEMENTATIONS = YES;
				CLANG_WARN_DIRECT_OBJC_ISA_USAGE = YES_ERROR;
				CLANG_WARN_DOCUMENTATION_COMMENTS = YES;
				CLANG_WARN_EMPTY_BODY = YES;
				CLANG_WARN_ENUM_CONVERSION = YES;
				CLANG_WARN_INFINITE_RECURSION = YES;
				CLANG_WARN_INT_CONVERSION = YES;
				CLANG_WARN_NON_LITERAL_NULL_CONVERSION = YES;
				CLANG_WARN_OBJC_IMPLICIT_RETAIN_SELF = YES;
				CLANG_WARN_OBJC_LITERAL_CONVERSION = YES;
				CLANG_WARN_OBJC_ROOT_CLASS = YES_ERROR;
				CLANG_WARN_QUOTED_INCLUDE_IN_FRAMEWORK_HEADER = YES;
				CLANG_WARN_RANGE_LOOP_ANALYSIS = YES;
				CLANG_WARN_STRICT_PROTOTYPES = YES;
				CLANG_WARN_SUSPICIOUS_MOVE = YES;
				CLANG_WARN_UNGUARDED_AVAILABILITY = YES_AGGRESSIVE;
				CLANG_WARN_UNREACHABLE_CODE = YES;
				CLANG_WARN__DUPLICATE_METHOD_MATCH = YES;
				COPY_PHASE_STRIP = NO;
				DEBUG_INFORMATION_FORMAT = "dwarf-with-dsym";
				ENABLE_NS_ASSERTIONS = NO;
				ENABLE_STRICT_OBJC_MSGSEND = YES;
				GCC_C_LANGUAGE_STANDARD = gnu11;
				GCC_NO_COMMON_BLOCKS = YES;
				GCC_WARN_64_TO_32_BIT_CONVERSION = YES;
				GCC_WARN_ABOUT_RETURN_TYPE = YES_ERROR;
				GCC_WARN_UNDECLARED_SELECTOR = YES;
				GCC_WARN_UNINITIALIZED_AUTOS = YES_AGGRESSIVE;
				GCC_WARN_UNUSED_FUNCTION = YES;
				GCC_WARN_UNUSED_VARIABLE = YES;
				IPHONEOS_DEPLOYMENT_TARGET = 14.4;
				MTL_ENABLE_DEBUG_INFO = NO;
				MTL_FAST_MATH = YES;
				SDKROOT = iphoneos;
				SWIFT_COMPILATION_MODE = wholemodule;
				SWIFT_OPTIMIZATION_LEVEL = "-O";
				VALIDATE_PRODUCT = YES;
			};
			name = Release;
		};
		CECBB7D1264AFF9D008A8983 /* Debug */ = {
			isa = XCBuildConfiguration;
			buildSettings = {
				ASSETCATALOG_COMPILER_APPICON_NAME = AppIcon;
				ASSETCATALOG_COMPILER_GLOBAL_ACCENT_COLOR_NAME = AccentColor;
				CODE_SIGN_STYLE = Automatic;
				INFOPLIST_FILE = SIgnIn_SignUp_etc/Info.plist;
				IPHONEOS_DEPLOYMENT_TARGET = 13.2;
				LD_RUNPATH_SEARCH_PATHS = (
					"$(inherited)",
					"@executable_path/Frameworks",
				);
				PRODUCT_BUNDLE_IDENTIFIER = "betall.SIgnIn-SignUp-etc";
				PRODUCT_NAME = "$(TARGET_NAME)";
				SWIFT_VERSION = 5.0;
				TARGETED_DEVICE_FAMILY = "1,2";
			};
			name = Debug;
		};
		CECBB7D2264AFF9D008A8983 /* Release */ = {
			isa = XCBuildConfiguration;
			buildSettings = {
				ASSETCATALOG_COMPILER_APPICON_NAME = AppIcon;
				ASSETCATALOG_COMPILER_GLOBAL_ACCENT_COLOR_NAME = AccentColor;
				CODE_SIGN_STYLE = Automatic;
				INFOPLIST_FILE = SIgnIn_SignUp_etc/Info.plist;
				IPHONEOS_DEPLOYMENT_TARGET = 13.2;
				LD_RUNPATH_SEARCH_PATHS = (
					"$(inherited)",
					"@executable_path/Frameworks",
				);
				PRODUCT_BUNDLE_IDENTIFIER = "betall.SIgnIn-SignUp-etc";
				PRODUCT_NAME = "$(TARGET_NAME)";
				SWIFT_VERSION = 5.0;
				TARGETED_DEVICE_FAMILY = "1,2";
			};
			name = Release;
		};
/* End XCBuildConfiguration section */

/* Begin XCConfigurationList section */
		CECBB7B7264AFF9C008A8983 /* Build configuration list for PBXProject "SIgnIn_SignUp_etc" */ = {
			isa = XCConfigurationList;
			buildConfigurations = (
				CECBB7CE264AFF9D008A8983 /* Debug */,
				CECBB7CF264AFF9D008A8983 /* Release */,
			);
			defaultConfigurationIsVisible = 0;
			defaultConfigurationName = Release;
		};
		CECBB7D0264AFF9D008A8983 /* Build configuration list for PBXNativeTarget "SIgnIn_SignUp_etc" */ = {
			isa = XCConfigurationList;
			buildConfigurations = (
				CECBB7D1264AFF9D008A8983 /* Debug */,
				CECBB7D2264AFF9D008A8983 /* Release */,
			);
			defaultConfigurationIsVisible = 0;
			defaultConfigurationName = Release;
		};
/* End XCConfigurationList section */
	};
	rootObject = CECBB7B4264AFF9C008A8983 /* Project object */;
}
